
Microsoft Visual Studio Solution File, Format Version 12.00
# Visual Studio 15
VisualStudioVersion = 15.0.28307.271
MinimumVisualStudioVersion = 10.0.40219.1
Project("{FAE04EC0-301F-11D3-BF4B-00C04F79EFBC}") = "RishavBookReadingEventManagement", "RishavBookReadingEventManagement\RishavBookReadingEventManagement.csproj", "{19F4904C-25EE-47FB-A133-BF79A5F405BA}"
EndProject
Project("{FAE04EC0-301F-11D3-BF4B-00C04F79EFBC}") = "DAL", "DAL\DAL.csproj", "{C5EEC10D-7873-43A5-BFA7-4D199E957C03}"
EndProject
Project("{FAE04EC0-301F-11D3-BF4B-00C04F79EFBC}") = "Shared", "Shared\Shared.csproj", "{904A05E0-2182-4502-A52B-4F6A0B8FDCF3}"
EndProject
Project("{FAE04EC0-301F-11D3-BF4B-00C04F79EFBC}") = "BLL", "BLL\BLL.csproj", "{77B84110-0D7F-464F-88DA-F69A5B0B6A30}"
EndProject
Project("{FAE04EC0-301F-11D3-BF4B-00C04F79EFBC}") = "RishavBookReadingEventManagement.Tests", "RishavBookReadingEventManagement.Tests\RishavBookReadingEventManagement.Tests.csproj", "{F956CC2B-C25F-43C6-BBD4-369AFE7D1E41}"
EndProject
Global
	GlobalSection(SolutionConfigurationPlatforms) = preSolution
		Debug|Any CPU = Debug|Any CPU
		Release|Any CPU = Release|Any CPU
	EndGlobalSection
	GlobalSection(ProjectConfigurationPlatforms) = postSolution
		{19F4904C-25EE-47FB-A133-BF79A5F405BA}.Debug|Any CPU.ActiveCfg = Debug|Any CPU
		{19F4904C-25EE-47FB-A133-BF79A5F405BA}.Debug|Any CPU.Build.0 = Debug|Any CPU
		{19F4904C-25EE-47FB-A133-BF79A5F405BA}.Release|Any CPU.ActiveCfg = Release|Any CPU
		{19F4904C-25EE-47FB-A133-BF79A5F405BA}.Release|Any CPU.Build.0 = Release|Any CPU
		{C5EEC10D-7873-43A5-BFA7-4D199E957C03}.Debug|Any CPU.ActiveCfg = Debug|Any CPU
		{C5EEC10D-7873-43A5-BFA7-4D199E957C03}.Debug|Any CPU.Build.0 = Debug|Any CPU
		{C5EEC10D-7873-43A5-BFA7-4D199E957C03}.Release|Any CPU.ActiveCfg = Release|Any CPU
		{C5EEC10D-7873-43A5-BFA7-4D199E957C03}.Release|Any CPU.Build.0 = Release|Any CPU
		{904A05E0-2182-4502-A52B-4F6A0B8FDCF3}.Debug|Any CPU.ActiveCfg = Debug|Any CPU
		{904A05E0-2182-4502-A52B-4F6A0B8FDCF3}.Debug|Any CPU.Build.0 = Debug|Any CPU
		{904A05E0-2182-4502-A52B-4F6A0B8FDCF3}.Release|Any CPU.ActiveCfg = Release|Any CPU
		{904A05E0-2182-4502-A52B-4F6A0B8FDCF3}.Release|Any CPU.Build.0 = Release|Any CPU
		{77B84110-0D7F-464F-88DA-F69A5B0B6A30}.Debug|Any CPU.ActiveCfg = Debug|Any CPU
		{77B84110-0D7F-464F-88DA-F69A5B0B6A30}.Debug|Any CPU.Build.0 = Debug|Any CPU
		{77B84110-0D7F-464F-88DA-F69A5B0B6A30}.Release|Any CPU.ActiveCfg = Release|Any CPU
		{77B84110-0D7F-464F-88DA-F69A5B0B6A30}.Release|Any CPU.Build.0 = Release|Any CPU
		{F956CC2B-C25F-43C6-BBD4-369AFE7D1E41}.Debug|Any CPU.ActiveCfg = Debug|Any CPU
		{F956CC2B-C25F-43C6-BBD4-369AFE7D1E41}.Debug|Any CPU.Build.0 = Debug|Any CPU
		{F956CC2B-C25F-43C6-BBD4-369AFE7D1E41}.Release|Any CPU.ActiveCfg = Release|Any CPU
		{F956CC2B-C25F-43C6-BBD4-369AFE7D1E41}.Release|Any CPU.Build.0 = Release|Any CPU
	EndGlobalSection
	GlobalSection(SolutionProperties) = preSolution
		HideSolutionNode = FALSE
	EndGlobalSection
	GlobalSection(ExtensibilityGlobals) = postSolution
		SolutionGuid = {3C9F0656-C059-45DF-986E-44CDDD461FE9}
	EndGlobalSection
EndGlobal
